// !$*UTF8*$!
{
	archiveVersion = 1;
	classes = {
	};
	objectVersion = 50;
	objects = {

/* Begin PBXBuildFile section */
		96B7B94220ABC7CC00A3282A /* JGVideoGLView.m in Sources */ = {isa = PBXBuildFile; fileRef = 96B7B94020ABC7CC00A3282A /* JGVideoGLView.m */; };
		96FFE96120A44FD3001AAF2D /* AppDelegate.m in Sources */ = {isa = PBXBuildFile; fileRef = 96FFE96020A44FD3001AAF2D /* AppDelegate.m */; };
		96FFE96420A44FD3001AAF2D /* ViewController.m in Sources */ = {isa = PBXBuildFile; fileRef = 96FFE96320A44FD3001AAF2D /* ViewController.m */; };
		96FFE96720A44FD3001AAF2D /* Main.storyboard in Resources */ = {isa = PBXBuildFile; fileRef = 96FFE96520A44FD3001AAF2D /* Main.storyboard */; };
		96FFE96920A44FD4001AAF2D /* Assets.xcassets in Resources */ = {isa = PBXBuildFile; fileRef = 96FFE96820A44FD4001AAF2D /* Assets.xcassets */; };
		96FFE96C20A44FD4001AAF2D /* LaunchScreen.storyboard in Resources */ = {isa = PBXBuildFile; fileRef = 96FFE96A20A44FD4001AAF2D /* LaunchScreen.storyboard */; };
		96FFE96F20A44FD4001AAF2D /* main.m in Sources */ = {isa = PBXBuildFile; fileRef = 96FFE96E20A44FD4001AAF2D /* main.m */; };
		96FFE97720A4618D001AAF2D /* JGTCPClient.m in Sources */ = {isa = PBXBuildFile; fileRef = 96FFE97620A4618D001AAF2D /* JGTCPClient.m */; };
		96FFE97D20A46273001AAF2D /* GCDAsyncUdpSocket.m in Sources */ = {isa = PBXBuildFile; fileRef = 96FFE97920A46273001AAF2D /* GCDAsyncUdpSocket.m */; };
		96FFE97E20A46273001AAF2D /* GCDAsyncSocket.m in Sources */ = {isa = PBXBuildFile; fileRef = 96FFE97A20A46273001AAF2D /* GCDAsyncSocket.m */; };
		96FFE98120A46B33001AAF2D /* JGH264Decoder.m in Sources */ = {isa = PBXBuildFile; fileRef = 96FFE98020A46B33001AAF2D /* JGH264Decoder.m */; };
/* End PBXBuildFile section */

/* Begin PBXFileReference section */
		96B7B94020ABC7CC00A3282A /* JGVideoGLView.m */ = {isa = PBXFileReference; fileEncoding = 4; lastKnownFileType = sourcecode.c.objc; path = JGVideoGLView.m; sourceTree = "<group>"; };
		96B7B94120ABC7CC00A3282A /* JGVideoGLView.h */ = {isa = PBXFileReference; fileEncoding = 4; lastKnownFileType = sourcecode.c.h; path = JGVideoGLView.h; sourceTree = "<group>"; };
		96FFE95C20A44FD3001AAF2D /* JGLANEyes_Client.app */ = {isa = PBXFileReference; explicitFileType = wrapper.application; includeInIndex = 0; path = JGLANEyes_Client.app; sourceTree = BUILT_PRODUCTS_DIR; };
		96FFE95F20A44FD3001AAF2D /* AppDelegate.h */ = {isa = PBXFileReference; lastKnownFileType = sourcecode.c.h; path = AppDelegate.h; sourceTree = "<group>"; };
		96FFE96020A44FD3001AAF2D /* AppDelegate.m */ = {isa = PBXFileReference; lastKnownFileType = sourcecode.c.objc; path = AppDelegate.m; sourceTree = "<group>"; };
		96FFE96220A44FD3001AAF2D /* ViewController.h */ = {isa = PBXFileReference; lastKnownFileType = sourcecode.c.h; path = ViewController.h; sourceTree = "<group>"; };
		96FFE96320A44FD3001AAF2D /* ViewController.m */ = {isa = PBXFileReference; lastKnownFileType = sourcecode.c.objc; path = ViewController.m; sourceTree = "<group>"; };
		96FFE96620A44FD3001AAF2D /* Base */ = {isa = PBXFileReference; lastKnownFileType = file.storyboard; name = Base; path = Base.lproj/Main.storyboard; sourceTree = "<group>"; };
		96FFE96820A44FD4001AAF2D /* Assets.xcassets */ = {isa = PBXFileReference; lastKnownFileType = folder.assetcatalog; path = Assets.xcassets; sourceTree = "<group>"; };
		96FFE96B20A44FD4001AAF2D /* Base */ = {isa = PBXFileReference; lastKnownFileType = file.storyboard; name = Base; path = Base.lproj/LaunchScreen.storyboard; sourceTree = "<group>"; };
		96FFE96D20A44FD4001AAF2D /* Info.plist */ = {isa = PBXFileReference; lastKnownFileType = text.plist.xml; path = Info.plist; sourceTree = "<group>"; };
		96FFE96E20A44FD4001AAF2D /* main.m */ = {isa = PBXFileReference; lastKnownFileType = sourcecode.c.objc; path = main.m; sourceTree = "<group>"; };
		96FFE97520A4618D001AAF2D /* JGTCPClient.h */ = {isa = PBXFileReference; lastKnownFileType = sourcecode.c.h; path = JGTCPClient.h; sourceTree = "<group>"; };
		96FFE97620A4618D001AAF2D /* JGTCPClient.m */ = {isa = PBXFileReference; lastKnownFileType = sourcecode.c.objc; path = JGTCPClient.m; sourceTree = "<group>"; };
		96FFE97920A46273001AAF2D /* GCDAsyncUdpSocket.m */ = {isa = PBXFileReference; fileEncoding = 4; lastKnownFileType = sourcecode.c.objc; path = GCDAsyncUdpSocket.m; sourceTree = "<group>"; };
		96FFE97A20A46273001AAF2D /* GCDAsyncSocket.m */ = {isa = PBXFileReference; fileEncoding = 4; lastKnownFileType = sourcecode.c.objc; path = GCDAsyncSocket.m; sourceTree = "<group>"; };
		96FFE97B20A46273001AAF2D /* GCDAsyncUdpSocket.h */ = {isa = PBXFileReference; fileEncoding = 4; lastKnownFileType = sourcecode.c.h; path = GCDAsyncUdpSocket.h; sourceTree = "<group>"; };
		96FFE97C20A46273001AAF2D /* GCDAsyncSocket.h */ = {isa = PBXFileReference; fileEncoding = 4; lastKnownFileType = sourcecode.c.h; path = GCDAsyncSocket.h; sourceTree = "<group>"; };
		96FFE97F20A46B33001AAF2D /* JGH264Decoder.h */ = {isa = PBXFileReference; lastKnownFileType = sourcecode.c.h; path = JGH264Decoder.h; sourceTree = "<group>"; };
		96FFE98020A46B33001AAF2D /* JGH264Decoder.m */ = {isa = PBXFileReference; lastKnownFileType = sourcecode.c.objc; path = JGH264Decoder.m; sourceTree = "<group>"; };
/* End PBXFileReference section */

/* Begin PBXFrameworksBuildPhase section */
		96FFE95920A44FD3001AAF2D /* Frameworks */ = {
			isa = PBXFrameworksBuildPhase;
			buildActionMask = 2147483647;
			files = (
			);
			runOnlyForDeploymentPostprocessing = 0;
		};
/* End PBXFrameworksBuildPhase section */

/* Begin PBXGroup section */
		96FFE95320A44FD3001AAF2D = {
			isa = PBXGroup;
			children = (
				96FFE95E20A44FD3001AAF2D /* JGLANEyes_Client */,
				96FFE95D20A44FD3001AAF2D /* Products */,
			);
			sourceTree = "<group>";
		};
		96FFE95D20A44FD3001AAF2D /* Products */ = {
			isa = PBXGroup;
			children = (
				96FFE95C20A44FD3001AAF2D /* JGLANEyes_Client.app */,
			);
			name = Products;
			sourceTree = "<group>";
		};
		96FFE95E20A44FD3001AAF2D /* JGLANEyes_Client */ = {
			isa = PBXGroup;
			children = (
				96FFE95F20A44FD3001AAF2D /* AppDelegate.h */,
				96FFE96020A44FD3001AAF2D /* AppDelegate.m */,
				96FFE96220A44FD3001AAF2D /* ViewController.h */,
				96FFE96320A44FD3001AAF2D /* ViewController.m */,
				96FFE97520A4618D001AAF2D /* JGTCPClient.h */,
				96FFE97620A4618D001AAF2D /* JGTCPClient.m */,
				96FFE97F20A46B33001AAF2D /* JGH264Decoder.h */,
				96FFE98020A46B33001AAF2D /* JGH264Decoder.m */,
				96B7B94120ABC7CC00A3282A /* JGVideoGLView.h */,
				96B7B94020ABC7CC00A3282A /* JGVideoGLView.m */,
				96FFE97820A46273001AAF2D /* GCDAsyncSocket */,
				96FFE96520A44FD3001AAF2D /* Main.storyboard */,
				96FFE96820A44FD4001AAF2D /* Assets.xcassets */,
				96FFE96A20A44FD4001AAF2D /* LaunchScreen.storyboard */,
				96FFE96D20A44FD4001AAF2D /* Info.plist */,
				96FFE96E20A44FD4001AAF2D /* main.m */,
			);
			path = JGLANEyes_Client;
			sourceTree = "<group>";
		};
		96FFE97820A46273001AAF2D /* GCDAsyncSocket */ = {
			isa = PBXGroup;
			children = (
				96FFE97920A46273001AAF2D /* GCDAsyncUdpSocket.m */,
				96FFE97A20A46273001AAF2D /* GCDAsyncSocket.m */,
				96FFE97B20A46273001AAF2D /* GCDAsyncUdpSocket.h */,
				96FFE97C20A46273001AAF2D /* GCDAsyncSocket.h */,
			);
			path = GCDAsyncSocket;
			sourceTree = "<group>";
		};
/* End PBXGroup section */

/* Begin PBXNativeTarget section */
		96FFE95B20A44FD3001AAF2D /* JGLANEyes_Client */ = {
			isa = PBXNativeTarget;
			buildConfigurationList = 96FFE97220A44FD4001AAF2D /* Build configuration list for PBXNativeTarget "JGLANEyes_Client" */;
			buildPhases = (
				96FFE95820A44FD3001AAF2D /* Sources */,
				96FFE95920A44FD3001AAF2D /* Frameworks */,
				96FFE95A20A44FD3001AAF2D /* Resources */,
			);
			buildRules = (
			);
			dependencies = (
			);
			name = JGLANEyes_Client;
			productName = JGLANEyes_Client;
			productReference = 96FFE95C20A44FD3001AAF2D /* JGLANEyes_Client.app */;
			productType = "com.apple.product-type.application";
		};
/* End PBXNativeTarget section */

/* Begin PBXProject section */
		96FFE95420A44FD3001AAF2D /* Project object */ = {
			isa = PBXProject;
			attributes = {
				LastUpgradeCheck = 0930;
				ORGANIZATIONNAME = mtgao;
				TargetAttributes = {
					96FFE95B20A44FD3001AAF2D = {
						CreatedOnToolsVersion = 9.3;
					};
				};
			};
			buildConfigurationList = 96FFE95720A44FD3001AAF2D /* Build configuration list for PBXProject "JGLANEyes_Client" */;
			compatibilityVersion = "Xcode 9.3";
			developmentRegion = en;
			hasScannedForEncodings = 0;
			knownRegions = (
				en,
				Base,
			);
			mainGroup = 96FFE95320A44FD3001AAF2D;
			productRefGroup = 96FFE95D20A44FD3001AAF2D /* Products */;
			projectDirPath = "";
			projectRoot = "";
			targets = (
				96FFE95B20A44FD3001AAF2D /* JGLANEyes_Client */,
			);
		};
/* End PBXProject section */

/* Begin PBXResourcesBuildPhase section */
		96FFE95A20A44FD3001AAF2D /* Resources */ = {
			isa = PBXResourcesBuildPhase;
			buildActionMask = 2147483647;
			files = (
				96FFE96C20A44FD4001AAF2D /* LaunchScreen.storyboard in Resources */,
				96FFE96920A44FD4001AAF2D /* Assets.xcassets in Resources */,
				96FFE96720A44FD3001AAF2D /* Main.storyboard in Resources */,
			);
			runOnlyForDeploymentPostprocessing = 0;
		};
/* End PBXResourcesBuildPhase section */

/* Begin PBXSourcesBuildPhase section */
		96FFE95820A44FD3001AAF2D /* Sources */ = {
			isa = PBXSourcesBuildPhase;
			buildActionMask = 2147483647;
			files = (
				96B7B94220ABC7CC00A3282A /* JGVideoGLView.m in Sources */,
				96FFE97E20A46273001AAF2D /* GCDAsyncSocket.m in Sources */,
				96FFE96420A44FD3001AAF2D /* ViewController.m in Sources */,
				96FFE97D20A46273001AAF2D /* GCDAsyncUdpSocket.m in Sources */,
				96FFE96F20A44FD4001AAF2D /* main.m in Sources */,
				96FFE98120A46B33001AAF2D /* JGH264Decoder.m in Sources */,
				96FFE96120A44FD3001AAF2D /* AppDelegate.m in Sources */,
				96FFE97720A4618D001AAF2D /* JGTCPClient.m in Sources */,
			);
			runOnlyForDeploymentPostprocessing = 0;
		};
/* End PBXSourcesBuildPhase section */

/* Begin PBXVariantGroup section */
		96FFE96520A44FD3001AAF2D /* Main.storyboard */ = {
			isa = PBXVariantGroup;
			children = (
				96FFE96620A44FD3001AAF2D /* Base */,
			);
			name = Main.storyboard;
			sourceTree = "<group>";
		};
		96FFE96A20A44FD4001AAF2D /* LaunchScreen.storyboard */ = {
			isa = PBXVariantGroup;
			children = (
				96FFE96B20A44FD4001AAF2D /* Base */,
			);
			name = LaunchScreen.storyboard;
			sourceTree = "<group>";
		};
/* End PBXVariantGroup section */

/* Begin XCBuildConfiguration section */
		96FFE97020A44FD4001AAF2D /* Debug */ = {
			isa = XCBuildConfiguration;
			buildSettings = {
				ALWAYS_SEARCH_USER_PATHS = NO;
				CLANG_ANALYZER_NONNULL = YES;
				CLANG_ANALYZER_NUMBER_OBJECT_CONVERSION = YES_AGGRESSIVE;
				CLANG_CXX_LANGUAGE_STANDARD = "gnu++14";
				CLANG_CXX_LIBRARY = "libc++";
				CLANG_ENABLE_MODULES = YES;
				CLANG_ENABLE_OBJC_ARC = YES;
				CLANG_ENABLE_OBJC_WEAK = YES;
				CLANG_WARN_BLOCK_CAPTURE_AUTORELEASING = YES;
				CLANG_WARN_BOOL_CONVERSION = YES;
				CLANG_WARN_COMMA = YES;
				CLANG_WARN_CONSTANT_CONVERSION = YES;
				CLANG_WARN_DEPRECATED_OBJC_IMPLEMENTATIONS = YES;
				CLANG_WARN_DIRECT_OBJC_ISA_USAGE = YES_ERROR;
				CLANG_WARN_DOCUMENTATION_COMMENTS = YES;
				CLANG_WARN_EMPTY_BODY = YES;
				CLANG_WARN_ENUM_CONVERSION = YES;
				CLANG_WARN_INFINITE_RECURSION = YES;
				CLANG_WARN_INT_CONVERSION = YES;
				CLANG_WARN_NON_LITERAL_NULL_CONVERSION = YES;
				CLANG_WARN_OBJC_IMPLICIT_RETAIN_SELF = YES;
				CLANG_WARN_OBJC_LITERAL_CONVERSION = YES;
				CLANG_WARN_OBJC_ROOT_CLASS = YES_ERROR;
				CLANG_WARN_RANGE_LOOP_ANALYSIS = YES;
				CLANG_WARN_STRICT_PROTOTYPES = YES;
				CLANG_WARN_SUSPICIOUS_MOVE = YES;
				CLANG_WARN_UNGUARDED_AVAILABILITY = YES_AGGRESSIVE;
				CLANG_WARN_UNREACHABLE_CODE = YES;
				CLANG_WARN__DUPLICATE_METHOD_MATCH = YES;
				CODE_SIGN_IDENTITY = "iPhone Developer";
				COPY_PHASE_STRIP = NO;
				DEBUG_INFORMATION_FORMAT = dwarf;
				ENABLE_STRICT_OBJC_MSGSEND = YES;
				ENABLE_TESTABILITY = YES;
				GCC_C_LANGUAGE_STANDARD = gnu11;
				GCC_DYNAMIC_NO_PIC = NO;
				GCC_NO_COMMON_BLOCKS = YES;
				GCC_OPTIMIZATION_LEVEL = 0;
				GCC_PREPROCESSOR_DEFINITIONS = (
					"DEBUG=1",
					"$(inherited)",
				);
				GCC_WARN_64_TO_32_BIT_CONVERSION = YES;
				GCC_WARN_ABOUT_RETURN_TYPE = YES_ERROR;
				GCC_WARN_UNDECLARED_SELECTOR = YES;
				GCC_WARN_UNINITIALIZED_AUTOS = YES_AGGRESSIVE;
				GCC_WARN_UNUSED_FUNCTION = YES;
				GCC_WARN_UNUSED_VARIABLE = YES;
				IPHONEOS_DEPLOYMENT_TARGET = 11.3;
				MTL_ENABLE_DEBUG_INFO = YES;
				ONLY_ACTIVE_ARCH = YES;
				SDKROOT = iphoneos;
			};
			name = Debug;
		};
		96FFE97120A44FD4001AAF2D /* Release */ = {
			isa = XCBuildConfiguration;
			buildSettings = {
				ALWAYS_SEARCH_USER_PATHS = NO;
				CLANG_ANALYZER_NONNULL = YES;
				CLANG_ANALYZER_NUMBER_OBJECT_CONVERSION = YES_AGGRESSIVE;
				CLANG_CXX_LANGUAGE_STANDARD = "gnu++14";
				CLANG_CXX_LIBRARY = "libc++";
				CLANG_ENABLE_MODULES = YES;
				CLANG_ENABLE_OBJC_ARC = YES;
				CLANG_ENABLE_OBJC_WEAK = YES;
				CLANG_WARN_BLOCK_CAPTURE_AUTORELEASING = YES;
				CLANG_WARN_BOOL_CONVERSION = YES;
				CLANG_WARN_COMMA = YES;
				CLANG_WARN_CONSTANT_CONVERSION = YES;
				CLANG_WARN_DEPRECATED_OBJC_IMPLEMENTATIONS = YES;
				CLANG_WARN_DIRECT_OBJC_ISA_USAGE = YES_ERROR;
				CLANG_WARN_DOCUMENTATION_COMMENTS = YES;
				CLANG_WARN_EMPTY_BODY = YES;
				CLANG_WARN_ENUM_CONVERSION = YES;
				CLANG_WARN_INFINITE_RECURSION = YES;
				CLANG_WARN_INT_CONVERSION = YES;
				CLANG_WARN_NON_LITERAL_NULL_CONVERSION = YES;
				CLANG_WARN_OBJC_IMPLICIT_RETAIN_SELF = YES;
				CLANG_WARN_OBJC_LITERAL_CONVERSION = YES;
				CLANG_WARN_OBJC_ROOT_CLASS = YES_ERROR;
				CLANG_WARN_RANGE_LOOP_ANALYSIS = YES;
				CLANG_WARN_STRICT_PROTOTYPES = YES;
				CLANG_WARN_SUSPICIOUS_MOVE = YES;
				CLANG_WARN_UNGUARDED_AVAILABILITY = YES_AGGRESSIVE;
				CLANG_WARN_UNREACHABLE_CODE = YES;
				CLANG_WARN__DUPLICATE_METHOD_MATCH = YES;
				CODE_SIGN_IDENTITY = "iPhone Developer";
				COPY_PHASE_STRIP = NO;
				DEBUG_INFORMATION_FORMAT = "dwarf-with-dsym";
				ENABLE_NS_ASSERTIONS = NO;
				ENABLE_STRICT_OBJC_MSGSEND = YES;
				GCC_C_LANGUAGE_STANDARD = gnu11;
				GCC_NO_COMMON_BLOCKS = YES;
				GCC_WARN_64_TO_32_BIT_CONVERSION = YES;
				GCC_WARN_ABOUT_RETURN_TYPE = YES_ERROR;
				GCC_WARN_UNDECLARED_SELECTOR = YES;
				GCC_WARN_UNINITIALIZED_AUTOS = YES_AGGRESSIVE;
				GCC_WARN_UNUSED_FUNCTION = YES;
				GCC_WARN_UNUSED_VARIABLE = YES;
				IPHONEOS_DEPLOYMENT_TARGET = 11.3;
				MTL_ENABLE_DEBUG_INFO = NO;
				SDKROOT = iphoneos;
				VALIDATE_PRODUCT = YES;
			};
			name = Release;
		};
		96FFE97320A44FD4001AAF2D /* Debug */ = {
			isa = XCBuildConfiguration;
			buildSettings = {
				ASSETCATALOG_COMPILER_APPICON_NAME = AppIcon;
				CODE_SIGN_STYLE = Automatic;
				DEVELOPMENT_TEAM = TYMCF646JW;
				INFOPLIST_FILE = JGLANEyes_Client/Info.plist;
				LD_RUNPATH_SEARCH_PATHS = (
					"$(inherited)",
					"@executable_path/Frameworks",
				);
				PRODUCT_BUNDLE_IDENTIFIER = "jimmygao.JGLANEyes-Client";
				PRODUCT_NAME = "$(TARGET_NAME)";
				TARGETED_DEVICE_FAMILY = "1,2";
			};
			name = Debug;
		};
		96FFE97420A44FD4001AAF2D /* Release */ = {
			isa = XCBuildConfiguration;
			buildSettings = {
				ASSETCATALOG_COMPILER_APPICON_NAME = AppIcon;
				CODE_SIGN_STYLE = Automatic;
				DEVELOPMENT_TEAM = TYMCF646JW;
				INFOPLIST_FILE = JGLANEyes_Client/Info.plist;
				LD_RUNPATH_SEARCH_PATHS = (
					"$(inherited)",
					"@executable_path/Frameworks",
				);
				PRODUCT_BUNDLE_IDENTIFIER = "jimmygao.JGLANEyes-Client";
				PRODUCT_NAME = "$(TARGET_NAME)";
				TARGETED_DEVICE_FAMILY = "1,2";
			};
			name = Release;
		};
/* End XCBuildConfiguration section */

/* Begin XCConfigurationList section */
		96FFE95720A44FD3001AAF2D /* Build configuration list for PBXProject "JGLANEyes_Client" */ = {
			isa = XCConfigurationList;
			buildConfigurations = (
				96FFE97020A44FD4001AAF2D /* Debug */,
				96FFE97120A44FD4001AAF2D /* Release */,
			);
			defaultConfigurationIsVisible = 0;
			defaultConfigurationName = Release;
		};
		96FFE97220A44FD4001AAF2D /* Build configuration list for PBXNativeTarget "JGLANEyes_Client" */ = {
			isa = XCConfigurationList;
			buildConfigurations = (
				96FFE97320A44FD4001AAF2D /* Debug */,
				96FFE97420A44FD4001AAF2D /* Release */,
			);
			defaultConfigurationIsVisible = 0;
			defaultConfigurationName = Release;
		};
/* End XCConfigurationList section */
	};
	rootObject = 96FFE95420A44FD3001AAF2D /* Project object */;
}
